
Microsoft Visual Studio Solution File, Format Version 12.00
# Visual Studio 15
VisualStudioVersion = 15.0.28307.1259
MinimumVisualStudioVersion = 10.0.40219.1
Project("{FAE04EC0-301F-11D3-BF4B-00C04F79EFBC}") = "MigrationTool", "MigrationTool\MigrationTool.csproj", "{88C80532-99D3-489B-A1B3-E81886630F81}"
EndProject
Global
	GlobalSection(SolutionConfigurationPlatforms) = preSolution
		Debug|Any CPU = Debug|Any CPU
		Release|Any CPU = Release|Any CPU
	EndGlobalSection
	GlobalSection(ProjectConfigurationPlatforms) = postSolution
		{88C80532-99D3-489B-A1B3-E81886630F81}.Debug|Any CPU.ActiveCfg = Debug|Any CPU
		{88C80532-99D3-489B-A1B3-E81886630F81}.Debug|Any CPU.Build.0 = Debug|Any CPU
		{88C80532-99D3-489B-A1B3-E81886630F81}.Release|Any CPU.ActiveCfg = Release|Any CPU
		{88C80532-99D3-489B-A1B3-E81886630F81}.Release|Any CPU.Build.0 = Release|Any CPU
	EndGlobalSection
	GlobalSection(SolutionProperties) = preSolution
		HideSolutionNode = FALSE
	EndGlobalSection
	GlobalSection(ExtensibilityGlobals) = postSolution
		SolutionGuid = {CB753A00-CF2F-4B00-91CC-0EF76ED5BD71}
	EndGlobalSection
EndGlobal
